
Microsoft Visual Studio Solution File, Format Version 12.00
# Visual Studio Version 17
VisualStudioVersion = 17.5.33424.131
MinimumVisualStudioVersion = 10.0.40219.1
Project("{FAE04EC0-301F-11D3-BF4B-00C04F79EFBC}") = "veritaban", "veritaban\veritaban.csproj", "{04978690-8CE8-423F-95C6-0F9E2BFD59EC}"
EndProject
Global
	GlobalSection(SolutionConfigurationPlatforms) = preSolution
		Debug|Any CPU = Debug|Any CPU
		Release|Any CPU = Release|Any CPU
	EndGlobalSection
	GlobalSection(ProjectConfigurationPlatforms) = postSolution
		{04978690-8CE8-423F-95C6-0F9E2BFD59EC}.Debug|Any CPU.ActiveCfg = Debug|Any CPU
		{04978690-8CE8-423F-95C6-0F9E2BFD59EC}.Debug|Any CPU.Build.0 = Debug|Any CPU
		{04978690-8CE8-423F-95C6-0F9E2BFD59EC}.Release|Any CPU.ActiveCfg = Release|Any CPU
		{04978690-8CE8-423F-95C6-0F9E2BFD59EC}.Release|Any CPU.Build.0 = Release|Any CPU
	EndGlobalSection
	GlobalSection(SolutionProperties) = preSolution
		HideSolutionNode = FALSE
	EndGlobalSection
	GlobalSection(ExtensibilityGlobals) = postSolution
		SolutionGuid = {AE88D5CC-0052-4E6F-9D17-27B4B6C73927}
	EndGlobalSection
EndGlobal
